
Microsoft Visual Studio Solution File, Format Version 12.00
# Visual Studio 15
Project("{FAE04EC0-301F-11D3-BF4B-00C04F79EFBC}") = "MagicaClothV2.Editor", "MagicaClothV2.Editor.csproj", "{3A85DDD5-D886-71D4-314A-AA494603451F}"
EndProject
Project("{FAE04EC0-301F-11D3-BF4B-00C04F79EFBC}") = "MagicaClothV2", "MagicaClothV2.csproj", "{A73D8578-C689-A6EE-DE48-49CED08BF748}"
EndProject
Project("{FAE04EC0-301F-11D3-BF4B-00C04F79EFBC}") = "Assembly-CSharp", "Assembly-CSharp.csproj", "{046D758D-DA01-3DC1-D532-8E40D0DF8F7A}"
EndProject
Project("{FAE04EC0-301F-11D3-BF4B-00C04F79EFBC}") = "MagicaCloth2Example", "MagicaCloth2Example.csproj", "{5947C12C-27E3-45A5-B9CC-558D6EA2DDE6}"
EndProject
Project("{FAE04EC0-301F-11D3-BF4B-00C04F79EFBC}") = "Assembly-CSharp-firstpass", "Assembly-CSharp-firstpass.csproj", "{C071BD0C-B9EC-E05D-4833-E6650CD3BB2E}"
EndProject
Global
	GlobalSection(SolutionConfigurationPlatforms) = preSolution
		Debug|Any CPU = Debug|Any CPU
		Release|Any CPU = Release|Any CPU
	EndGlobalSection
	GlobalSection(ProjectConfigurationPlatforms) = postSolution
		{3A85DDD5-D886-71D4-314A-AA494603451F}.Debug|Any CPU.ActiveCfg = Debug|Any CPU
		{3A85DDD5-D886-71D4-314A-AA494603451F}.Debug|Any CPU.Build.0 = Debug|Any CPU
		{3A85DDD5-D886-71D4-314A-AA494603451F}.Release|Any CPU.ActiveCfg = Release|Any CPU
		{3A85DDD5-D886-71D4-314A-AA494603451F}.Release|Any CPU.Build.0 = Release|Any CPU
		{A73D8578-C689-A6EE-DE48-49CED08BF748}.Debug|Any CPU.ActiveCfg = Debug|Any CPU
		{A73D8578-C689-A6EE-DE48-49CED08BF748}.Debug|Any CPU.Build.0 = Debug|Any CPU
		{A73D8578-C689-A6EE-DE48-49CED08BF748}.Release|Any CPU.ActiveCfg = Release|Any CPU
		{A73D8578-C689-A6EE-DE48-49CED08BF748}.Release|Any CPU.Build.0 = Release|Any CPU
		{046D758D-DA01-3DC1-D532-8E40D0DF8F7A}.Debug|Any CPU.ActiveCfg = Debug|Any CPU
		{046D758D-DA01-3DC1-D532-8E40D0DF8F7A}.Debug|Any CPU.Build.0 = Debug|Any CPU
		{046D758D-DA01-3DC1-D532-8E40D0DF8F7A}.Release|Any CPU.ActiveCfg = Release|Any CPU
		{046D758D-DA01-3DC1-D532-8E40D0DF8F7A}.Release|Any CPU.Build.0 = Release|Any CPU
		{5947C12C-27E3-45A5-B9CC-558D6EA2DDE6}.Debug|Any CPU.ActiveCfg = Debug|Any CPU
		{5947C12C-27E3-45A5-B9CC-558D6EA2DDE6}.Debug|Any CPU.Build.0 = Debug|Any CPU
		{5947C12C-27E3-45A5-B9CC-558D6EA2DDE6}.Release|Any CPU.ActiveCfg = Release|Any CPU
		{5947C12C-27E3-45A5-B9CC-558D6EA2DDE6}.Release|Any CPU.Build.0 = Release|Any CPU
		{C071BD0C-B9EC-E05D-4833-E6650CD3BB2E}.Debug|Any CPU.ActiveCfg = Debug|Any CPU
		{C071BD0C-B9EC-E05D-4833-E6650CD3BB2E}.Debug|Any CPU.Build.0 = Debug|Any CPU
		{C071BD0C-B9EC-E05D-4833-E6650CD3BB2E}.Release|Any CPU.ActiveCfg = Release|Any CPU
		{C071BD0C-B9EC-E05D-4833-E6650CD3BB2E}.Release|Any CPU.Build.0 = Release|Any CPU
	EndGlobalSection
	GlobalSection(SolutionProperties) = preSolution
		HideSolutionNode = FALSE
	EndGlobalSection
EndGlobal
